// !$*UTF8*$!
{
	archiveVersion = 1;
	classes = {
	};
	objectVersion = 50;
	objects = {

/* Begin PBXBuildFile section */
		21FEB21221C16F3A00C8EF54 /* AppDelegate.swift in Sources */ = {isa = PBXBuildFile; fileRef = 21FEB21121C16F3A00C8EF54 /* AppDelegate.swift */; };
		21FEB21421C16F3A00C8EF54 /* ViewController.swift in Sources */ = {isa = PBXBuildFile; fileRef = 21FEB21321C16F3A00C8EF54 /* ViewController.swift */; };
		21FEB21721C16F3A00C8EF54 /* Main.storyboard in Resources */ = {isa = PBXBuildFile; fileRef = 21FEB21521C16F3A00C8EF54 /* Main.storyboard */; };
		21FEB21921C16F3F00C8EF54 /* Assets.xcassets in Resources */ = {isa = PBXBuildFile; fileRef = 21FEB21821C16F3F00C8EF54 /* Assets.xcassets */; };
		21FEB21C21C16F3F00C8EF54 /* LaunchScreen.storyboard in Resources */ = {isa = PBXBuildFile; fileRef = 21FEB21A21C16F3F00C8EF54 /* LaunchScreen.storyboard */; };
		21FEB22721C16F3F00C8EF54 /* InternetworkAppTests.swift in Sources */ = {isa = PBXBuildFile; fileRef = 21FEB22621C16F3F00C8EF54 /* InternetworkAppTests.swift */; };
		21FEB23221C16F3F00C8EF54 /* InternetworkAppUITests.swift in Sources */ = {isa = PBXBuildFile; fileRef = 21FEB23121C16F3F00C8EF54 /* InternetworkAppUITests.swift */; };
/* End PBXBuildFile section */

/* Begin PBXContainerItemProxy section */
		21FEB22321C16F3F00C8EF54 /* PBXContainerItemProxy */ = {
			isa = PBXContainerItemProxy;
			containerPortal = 21FEB20621C16F3A00C8EF54 /* Project object */;
			proxyType = 1;
			remoteGlobalIDString = 21FEB20D21C16F3A00C8EF54;
			remoteInfo = InternetworkApp;
		};
		21FEB22E21C16F3F00C8EF54 /* PBXContainerItemProxy */ = {
			isa = PBXContainerItemProxy;
			containerPortal = 21FEB20621C16F3A00C8EF54 /* Project object */;
			proxyType = 1;
			remoteGlobalIDString = 21FEB20D21C16F3A00C8EF54;
			remoteInfo = InternetworkApp;
		};
/* End PBXContainerItemProxy section */

/* Begin PBXFileReference section */
		21FEB20E21C16F3A00C8EF54 /* InternetworkApp.app */ = {isa = PBXFileReference; explicitFileType = wrapper.application; includeInIndex = 0; path = InternetworkApp.app; sourceTree = BUILT_PRODUCTS_DIR; };
		21FEB21121C16F3A00C8EF54 /* AppDelegate.swift */ = {isa = PBXFileReference; lastKnownFileType = sourcecode.swift; path = AppDelegate.swift; sourceTree = "<group>"; };
		21FEB21321C16F3A00C8EF54 /* ViewController.swift */ = {isa = PBXFileReference; lastKnownFileType = sourcecode.swift; path = ViewController.swift; sourceTree = "<group>"; };
		21FEB21621C16F3A00C8EF54 /* Base */ = {isa = PBXFileReference; lastKnownFileType = file.storyboard; name = Base; path = Base.lproj/Main.storyboard; sourceTree = "<group>"; };
		21FEB21821C16F3F00C8EF54 /* Assets.xcassets */ = {isa = PBXFileReference; lastKnownFileType = folder.assetcatalog; path = Assets.xcassets; sourceTree = "<group>"; };
		21FEB21B21C16F3F00C8EF54 /* Base */ = {isa = PBXFileReference; lastKnownFileType = file.storyboard; name = Base; path = Base.lproj/LaunchScreen.storyboard; sourceTree = "<group>"; };
		21FEB21D21C16F3F00C8EF54 /* Info.plist */ = {isa = PBXFileReference; lastKnownFileType = text.plist.xml; path = Info.plist; sourceTree = "<group>"; };
		21FEB22221C16F3F00C8EF54 /* InternetworkAppTests.xctest */ = {isa = PBXFileReference; explicitFileType = wrapper.cfbundle; includeInIndex = 0; path = InternetworkAppTests.xctest; sourceTree = BUILT_PRODUCTS_DIR; };
		21FEB22621C16F3F00C8EF54 /* InternetworkAppTests.swift */ = {isa = PBXFileReference; lastKnownFileType = sourcecode.swift; path = InternetworkAppTests.swift; sourceTree = "<group>"; };
		21FEB22821C16F3F00C8EF54 /* Info.plist */ = {isa = PBXFileReference; lastKnownFileType = text.plist.xml; path = Info.plist; sourceTree = "<group>"; };
		21FEB22D21C16F3F00C8EF54 /* InternetworkAppUITests.xctest */ = {isa = PBXFileReference; explicitFileType = wrapper.cfbundle; includeInIndex = 0; path = InternetworkAppUITests.xctest; sourceTree = BUILT_PRODUCTS_DIR; };
		21FEB23121C16F3F00C8EF54 /* InternetworkAppUITests.swift */ = {isa = PBXFileReference; lastKnownFileType = sourcecode.swift; path = InternetworkAppUITests.swift; sourceTree = "<group>"; };
		21FEB23321C16F3F00C8EF54 /* Info.plist */ = {isa = PBXFileReference; lastKnownFileType = text.plist.xml; path = Info.plist; sourceTree = "<group>"; };
/* End PBXFileReference section */

/* Begin PBXFrameworksBuildPhase section */
		21FEB20B21C16F3A00C8EF54 /* Frameworks */ = {
			isa = PBXFrameworksBuildPhase;
			buildActionMask = 2147483647;
			files = (
			);
			runOnlyForDeploymentPostprocessing = 0;
		};
		21FEB21F21C16F3F00C8EF54 /* Frameworks */ = {
			isa = PBXFrameworksBuildPhase;
			buildActionMask = 2147483647;
			files = (
			);
			runOnlyForDeploymentPostprocessing = 0;
		};
		21FEB22A21C16F3F00C8EF54 /* Frameworks */ = {
			isa = PBXFrameworksBuildPhase;
			buildActionMask = 2147483647;
			files = (
			);
			runOnlyForDeploymentPostprocessing = 0;
		};
/* End PBXFrameworksBuildPhase section */

/* Begin PBXGroup section */
		21FEB20521C16F3A00C8EF54 = {
			isa = PBXGroup;
			children = (
				21FEB21021C16F3A00C8EF54 /* InternetworkApp */,
				21FEB22521C16F3F00C8EF54 /* InternetworkAppTests */,
				21FEB23021C16F3F00C8EF54 /* InternetworkAppUITests */,
				21FEB20F21C16F3A00C8EF54 /* Products */,
			);
			sourceTree = "<group>";
		};
		21FEB20F21C16F3A00C8EF54 /* Products */ = {
			isa = PBXGroup;
			children = (
				21FEB20E21C16F3A00C8EF54 /* InternetworkApp.app */,
				21FEB22221C16F3F00C8EF54 /* InternetworkAppTests.xctest */,
				21FEB22D21C16F3F00C8EF54 /* InternetworkAppUITests.xctest */,
			);
			name = Products;
			sourceTree = "<group>";
		};
		21FEB21021C16F3A00C8EF54 /* InternetworkApp */ = {
			isa = PBXGroup;
			children = (
				21FEB23F21C16F9D00C8EF54 /* Resources */,
				21FEB24021C16FA900C8EF54 /* ViewController */,
				21FEB24121C16FD800C8EF54 /* View */,
			);
			path = InternetworkApp;
			sourceTree = "<group>";
		};
		21FEB22521C16F3F00C8EF54 /* InternetworkAppTests */ = {
			isa = PBXGroup;
			children = (
				21FEB22621C16F3F00C8EF54 /* InternetworkAppTests.swift */,
				21FEB22821C16F3F00C8EF54 /* Info.plist */,
			);
			path = InternetworkAppTests;
			sourceTree = "<group>";
		};
		21FEB23021C16F3F00C8EF54 /* InternetworkAppUITests */ = {
			isa = PBXGroup;
			children = (
				21FEB23121C16F3F00C8EF54 /* InternetworkAppUITests.swift */,
				21FEB23321C16F3F00C8EF54 /* Info.plist */,
			);
			path = InternetworkAppUITests;
			sourceTree = "<group>";
		};
		21FEB23F21C16F9D00C8EF54 /* Resources */ = {
			isa = PBXGroup;
			children = (
				21FEB21121C16F3A00C8EF54 /* AppDelegate.swift */,
				21FEB21821C16F3F00C8EF54 /* Assets.xcassets */,
				21FEB21D21C16F3F00C8EF54 /* Info.plist */,
			);
			path = Resources;
			sourceTree = "<group>";
		};
		21FEB24021C16FA900C8EF54 /* ViewController */ = {
			isa = PBXGroup;
			children = (
				21FEB21321C16F3A00C8EF54 /* ViewController.swift */,
			);
			path = ViewController;
			sourceTree = "<group>";
		};
		21FEB24121C16FD800C8EF54 /* View */ = {
			isa = PBXGroup;
			children = (
				21FEB21521C16F3A00C8EF54 /* Main.storyboard */,
				21FEB21A21C16F3F00C8EF54 /* LaunchScreen.storyboard */,
			);
			path = View;
			sourceTree = "<group>";
		};
/* End PBXGroup section */

/* Begin PBXNativeTarget section */
		21FEB20D21C16F3A00C8EF54 /* InternetworkApp */ = {
			isa = PBXNativeTarget;
			buildConfigurationList = 21FEB23621C16F3F00C8EF54 /* Build configuration list for PBXNativeTarget "InternetworkApp" */;
			buildPhases = (
				21FEB20A21C16F3A00C8EF54 /* Sources */,
				21FEB20B21C16F3A00C8EF54 /* Frameworks */,
				21FEB20C21C16F3A00C8EF54 /* Resources */,
			);
			buildRules = (
			);
			dependencies = (
			);
			name = InternetworkApp;
			productName = InternetworkApp;
			productReference = 21FEB20E21C16F3A00C8EF54 /* InternetworkApp.app */;
			productType = "com.apple.product-type.application";
		};
		21FEB22121C16F3F00C8EF54 /* InternetworkAppTests */ = {
			isa = PBXNativeTarget;
			buildConfigurationList = 21FEB23921C16F3F00C8EF54 /* Build configuration list for PBXNativeTarget "InternetworkAppTests" */;
			buildPhases = (
				21FEB21E21C16F3F00C8EF54 /* Sources */,
				21FEB21F21C16F3F00C8EF54 /* Frameworks */,
				21FEB22021C16F3F00C8EF54 /* Resources */,
			);
			buildRules = (
			);
			dependencies = (
				21FEB22421C16F3F00C8EF54 /* PBXTargetDependency */,
			);
			name = InternetworkAppTests;
			productName = InternetworkAppTests;
			productReference = 21FEB22221C16F3F00C8EF54 /* InternetworkAppTests.xctest */;
			productType = "com.apple.product-type.bundle.unit-test";
		};
		21FEB22C21C16F3F00C8EF54 /* InternetworkAppUITests */ = {
			isa = PBXNativeTarget;
			buildConfigurationList = 21FEB23C21C16F3F00C8EF54 /* Build configuration list for PBXNativeTarget "InternetworkAppUITests" */;
			buildPhases = (
				21FEB22921C16F3F00C8EF54 /* Sources */,
				21FEB22A21C16F3F00C8EF54 /* Frameworks */,
				21FEB22B21C16F3F00C8EF54 /* Resources */,
			);
			buildRules = (
			);
			dependencies = (
				21FEB22F21C16F3F00C8EF54 /* PBXTargetDependency */,
			);
			name = InternetworkAppUITests;
			productName = InternetworkAppUITests;
			productReference = 21FEB22D21C16F3F00C8EF54 /* InternetworkAppUITests.xctest */;
			productType = "com.apple.product-type.bundle.ui-testing";
		};
/* End PBXNativeTarget section */

/* Begin PBXProject section */
		21FEB20621C16F3A00C8EF54 /* Project object */ = {
			isa = PBXProject;
			attributes = {
				LastSwiftUpdateCheck = 1000;
				LastUpgradeCheck = 1000;
				ORGANIZATIONNAME = CTEC;
				TargetAttributes = {
					21FEB20D21C16F3A00C8EF54 = {
						CreatedOnToolsVersion = 10.0;
					};
					21FEB22121C16F3F00C8EF54 = {
						CreatedOnToolsVersion = 10.0;
						TestTargetID = 21FEB20D21C16F3A00C8EF54;
					};
					21FEB22C21C16F3F00C8EF54 = {
						CreatedOnToolsVersion = 10.0;
						TestTargetID = 21FEB20D21C16F3A00C8EF54;
					};
				};
			};
			buildConfigurationList = 21FEB20921C16F3A00C8EF54 /* Build configuration list for PBXProject "InternetworkApp" */;
			compatibilityVersion = "Xcode 9.3";
			developmentRegion = en;
			hasScannedForEncodings = 0;
			knownRegions = (
				en,
				Base,
			);
			mainGroup = 21FEB20521C16F3A00C8EF54;
			productRefGroup = 21FEB20F21C16F3A00C8EF54 /* Products */;
			projectDirPath = "";
			projectRoot = "";
			targets = (
				21FEB20D21C16F3A00C8EF54 /* InternetworkApp */,
				21FEB22121C16F3F00C8EF54 /* InternetworkAppTests */,
				21FEB22C21C16F3F00C8EF54 /* InternetworkAppUITests */,
			);
		};
/* End PBXProject section */

/* Begin PBXResourcesBuildPhase section */
		21FEB20C21C16F3A00C8EF54 /* Resources */ = {
			isa = PBXResourcesBuildPhase;
			buildActionMask = 2147483647;
			files = (
				21FEB21C21C16F3F00C8EF54 /* LaunchScreen.storyboard in Resources */,
				21FEB21921C16F3F00C8EF54 /* Assets.xcassets in Resources */,
				21FEB21721C16F3A00C8EF54 /* Main.storyboard in Resources */,
			);
			runOnlyForDeploymentPostprocessing = 0;
		};
		21FEB22021C16F3F00C8EF54 /* Resources */ = {
			isa = PBXResourcesBuildPhase;
			buildActionMask = 2147483647;
			files = (
			);
			runOnlyForDeploymentPostprocessing = 0;
		};
		21FEB22B21C16F3F00C8EF54 /* Resources */ = {
			isa = PBXResourcesBuildPhase;
			buildActionMask = 2147483647;
			files = (
			);
			runOnlyForDeploymentPostprocessing = 0;
		};
/* End PBXResourcesBuildPhase section */

/* Begin PBXSourcesBuildPhase section */
		21FEB20A21C16F3A00C8EF54 /* Sources */ = {
			isa = PBXSourcesBuildPhase;
			buildActionMask = 2147483647;
			files = (
				21FEB21421C16F3A00C8EF54 /* ViewController.swift in Sources */,
				21FEB21221C16F3A00C8EF54 /* AppDelegate.swift in Sources */,
			);
			runOnlyForDeploymentPostprocessing = 0;
		};
		21FEB21E21C16F3F00C8EF54 /* Sources */ = {
			isa = PBXSourcesBuildPhase;
			buildActionMask = 2147483647;
			files = (
				21FEB22721C16F3F00C8EF54 /* InternetworkAppTests.swift in Sources */,
			);
			runOnlyForDeploymentPostprocessing = 0;
		};
		21FEB22921C16F3F00C8EF54 /* Sources */ = {
			isa = PBXSourcesBuildPhase;
			buildActionMask = 2147483647;
			files = (
				21FEB23221C16F3F00C8EF54 /* InternetworkAppUITests.swift in Sources */,
			);
			runOnlyForDeploymentPostprocessing = 0;
		};
/* End PBXSourcesBuildPhase section */

/* Begin PBXTargetDependency section */
		21FEB22421C16F3F00C8EF54 /* PBXTargetDependency */ = {
			isa = PBXTargetDependency;
			target = 21FEB20D21C16F3A00C8EF54 /* InternetworkApp */;
			targetProxy = 21FEB22321C16F3F00C8EF54 /* PBXContainerItemProxy */;
		};
		21FEB22F21C16F3F00C8EF54 /* PBXTargetDependency */ = {
			isa = PBXTargetDependency;
			target = 21FEB20D21C16F3A00C8EF54 /* InternetworkApp */;
			targetProxy = 21FEB22E21C16F3F00C8EF54 /* PBXContainerItemProxy */;
		};
/* End PBXTargetDependency section */

/* Begin PBXVariantGroup section */
		21FEB21521C16F3A00C8EF54 /* Main.storyboard */ = {
			isa = PBXVariantGroup;
			children = (
				21FEB21621C16F3A00C8EF54 /* Base */,
			);
			name = Main.storyboard;
			sourceTree = "<group>";
		};
		21FEB21A21C16F3F00C8EF54 /* LaunchScreen.storyboard */ = {
			isa = PBXVariantGroup;
			children = (
				21FEB21B21C16F3F00C8EF54 /* Base */,
			);
			name = LaunchScreen.storyboard;
			sourceTree = "<group>";
		};
/* End PBXVariantGroup section */

/* Begin XCBuildConfiguration section */
		21FEB23421C16F3F00C8EF54 /* Debug */ = {
			isa = XCBuildConfiguration;
			buildSettings = {
				ALWAYS_SEARCH_USER_PATHS = NO;
				CLANG_ANALYZER_NONNULL = YES;
				CLANG_ANALYZER_NUMBER_OBJECT_CONVERSION = YES_AGGRESSIVE;
				CLANG_CXX_LANGUAGE_STANDARD = "gnu++14";
				CLANG_CXX_LIBRARY = "libc++";
				CLANG_ENABLE_MODULES = YES;
				CLANG_ENABLE_OBJC_ARC = YES;
				CLANG_ENABLE_OBJC_WEAK = YES;
				CLANG_WARN_BLOCK_CAPTURE_AUTORELEASING = YES;
				CLANG_WARN_BOOL_CONVERSION = YES;
				CLANG_WARN_COMMA = YES;
				CLANG_WARN_CONSTANT_CONVERSION = YES;
				CLANG_WARN_DEPRECATED_OBJC_IMPLEMENTATIONS = YES;
				CLANG_WARN_DIRECT_OBJC_ISA_USAGE = YES_ERROR;
				CLANG_WARN_DOCUMENTATION_COMMENTS = YES;
				CLANG_WARN_EMPTY_BODY = YES;
				CLANG_WARN_ENUM_CONVERSION = YES;
				CLANG_WARN_INFINITE_RECURSION = YES;
				CLANG_WARN_INT_CONVERSION = YES;
				CLANG_WARN_NON_LITERAL_NULL_CONVERSION = YES;
				CLANG_WARN_OBJC_IMPLICIT_RETAIN_SELF = YES;
				CLANG_WARN_OBJC_LITERAL_CONVERSION = YES;
				CLANG_WARN_OBJC_ROOT_CLASS = YES_ERROR;
				CLANG_WARN_RANGE_LOOP_ANALYSIS = YES;
				CLANG_WARN_STRICT_PROTOTYPES = YES;
				CLANG_WARN_SUSPICIOUS_MOVE = YES;
				CLANG_WARN_UNGUARDED_AVAILABILITY = YES_AGGRESSIVE;
				CLANG_WARN_UNREACHABLE_CODE = YES;
				CLANG_WARN__DUPLICATE_METHOD_MATCH = YES;
				CODE_SIGN_IDENTITY = "iPhone Developer";
				COPY_PHASE_STRIP = NO;
				DEBUG_INFORMATION_FORMAT = dwarf;
				ENABLE_STRICT_OBJC_MSGSEND = YES;
				ENABLE_TESTABILITY = YES;
				GCC_C_LANGUAGE_STANDARD = gnu11;
				GCC_DYNAMIC_NO_PIC = NO;
				GCC_NO_COMMON_BLOCKS = YES;
				GCC_OPTIMIZATION_LEVEL = 0;
				GCC_PREPROCESSOR_DEFINITIONS = (
					"DEBUG=1",
					"$(inherited)",
				);
				GCC_WARN_64_TO_32_BIT_CONVERSION = YES;
				GCC_WARN_ABOUT_RETURN_TYPE = YES_ERROR;
				GCC_WARN_UNDECLARED_SELECTOR = YES;
				GCC_WARN_UNINITIALIZED_AUTOS = YES_AGGRESSIVE;
				GCC_WARN_UNUSED_FUNCTION = YES;
				GCC_WARN_UNUSED_VARIABLE = YES;
				IPHONEOS_DEPLOYMENT_TARGET = 12.0;
				MTL_ENABLE_DEBUG_INFO = INCLUDE_SOURCE;
				MTL_FAST_MATH = YES;
				ONLY_ACTIVE_ARCH = YES;
				SDKROOT = iphoneos;
				SWIFT_ACTIVE_COMPILATION_CONDITIONS = DEBUG;
				SWIFT_OPTIMIZATION_LEVEL = "-Onone";
			};
			name = Debug;
		};
		21FEB23521C16F3F00C8EF54 /* Release */ = {
			isa = XCBuildConfiguration;
			buildSettings = {
				ALWAYS_SEARCH_USER_PATHS = NO;
				CLANG_ANALYZER_NONNULL = YES;
				CLANG_ANALYZER_NUMBER_OBJECT_CONVERSION = YES_AGGRESSIVE;
				CLANG_CXX_LANGUAGE_STANDARD = "gnu++14";
				CLANG_CXX_LIBRARY = "libc++";
				CLANG_ENABLE_MODULES = YES;
				CLANG_ENABLE_OBJC_ARC = YES;
				CLANG_ENABLE_OBJC_WEAK = YES;
				CLANG_WARN_BLOCK_CAPTURE_AUTORELEASING = YES;
				CLANG_WARN_BOOL_CONVERSION = YES;
				CLANG_WARN_COMMA = YES;
				CLANG_WARN_CONSTANT_CONVERSION = YES;
				CLANG_WARN_DEPRECATED_OBJC_IMPLEMENTATIONS = YES;
				CLANG_WARN_DIRECT_OBJC_ISA_USAGE = YES_ERROR;
				CLANG_WARN_DOCUMENTATION_COMMENTS = YES;
				CLANG_WARN_EMPTY_BODY = YES;
				CLANG_WARN_ENUM_CONVERSION = YES;
				CLANG_WARN_INFINITE_RECURSION = YES;
				CLANG_WARN_INT_CONVERSION = YES;
				CLANG_WARN_NON_LITERAL_NULL_CONVERSION = YES;
				CLANG_WARN_OBJC_IMPLICIT_RETAIN_SELF = YES;
				CLANG_WARN_OBJC_LITERAL_CONVERSION = YES;
				CLANG_WARN_OBJC_ROOT_CLASS = YES_ERROR;
				CLANG_WARN_RANGE_LOOP_ANALYSIS = YES;
				CLANG_WARN_STRICT_PROTOTYPES = YES;
				CLANG_WARN_SUSPICIOUS_MOVE = YES;
				CLANG_WARN_UNGUARDED_AVAILABILITY = YES_AGGRESSIVE;
				CLANG_WARN_UNREACHABLE_CODE = YES;
				CLANG_WARN__DUPLICATE_METHOD_MATCH = YES;
				CODE_SIGN_IDENTITY = "iPhone Developer";
				COPY_PHASE_STRIP = NO;
				DEBUG_INFORMATION_FORMAT = "dwarf-with-dsym";
				ENABLE_NS_ASSERTIONS = NO;
				ENABLE_STRICT_OBJC_MSGSEND = YES;
				GCC_C_LANGUAGE_STANDARD = gnu11;
				GCC_NO_COMMON_BLOCKS = YES;
				GCC_WARN_64_TO_32_BIT_CONVERSION = YES;
				GCC_WARN_ABOUT_RETURN_TYPE = YES_ERROR;
				GCC_WARN_UNDECLARED_SELECTOR = YES;
				GCC_WARN_UNINITIALIZED_AUTOS = YES_AGGRESSIVE;
				GCC_WARN_UNUSED_FUNCTION = YES;
				GCC_WARN_UNUSED_VARIABLE = YES;
				IPHONEOS_DEPLOYMENT_TARGET = 12.0;
				MTL_ENABLE_DEBUG_INFO = NO;
				MTL_FAST_MATH = YES;
				SDKROOT = iphoneos;
				SWIFT_COMPILATION_MODE = wholemodule;
				SWIFT_OPTIMIZATION_LEVEL = "-O";
				VALIDATE_PRODUCT = YES;
			};
			name = Release;
		};
		21FEB23721C16F3F00C8EF54 /* Debug */ = {
			isa = XCBuildConfiguration;
			buildSettings = {
				ASSETCATALOG_COMPILER_APPICON_NAME = AppIcon;
				CODE_SIGN_STYLE = Automatic;
				INFOPLIST_FILE = InternetworkApp/Info.plist;
				LD_RUNPATH_SEARCH_PATHS = (
					"$(inherited)",
					"@executable_path/Frameworks",
				);
				PRODUCT_BUNDLE_IDENTIFIER = CTEC.InternetworkApp;
				PRODUCT_NAME = "$(TARGET_NAME)";
				SWIFT_VERSION = 4.2;
				TARGETED_DEVICE_FAMILY = "1,2";
			};
			name = Debug;
		};
		21FEB23821C16F3F00C8EF54 /* Release */ = {
			isa = XCBuildConfiguration;
			buildSettings = {
				ASSETCATALOG_COMPILER_APPICON_NAME = AppIcon;
				CODE_SIGN_STYLE = Automatic;
				INFOPLIST_FILE = InternetworkApp/Info.plist;
				LD_RUNPATH_SEARCH_PATHS = (
					"$(inherited)",
					"@executable_path/Frameworks",
				);
				PRODUCT_BUNDLE_IDENTIFIER = CTEC.InternetworkApp;
				PRODUCT_NAME = "$(TARGET_NAME)";
				SWIFT_VERSION = 4.2;
				TARGETED_DEVICE_FAMILY = "1,2";
			};
			name = Release;
		};
		21FEB23A21C16F3F00C8EF54 /* Debug */ = {
			isa = XCBuildConfiguration;
			buildSettings = {
				ALWAYS_EMBED_SWIFT_STANDARD_LIBRARIES = YES;
				BUNDLE_LOADER = "$(TEST_HOST)";
				CODE_SIGN_STYLE = Automatic;
				INFOPLIST_FILE = InternetworkAppTests/Info.plist;
				LD_RUNPATH_SEARCH_PATHS = (
					"$(inherited)",
					"@executable_path/Frameworks",
					"@loader_path/Frameworks",
				);
				PRODUCT_BUNDLE_IDENTIFIER = CTEC.InternetworkAppTests;
				PRODUCT_NAME = "$(TARGET_NAME)";
				SWIFT_VERSION = 4.2;
				TARGETED_DEVICE_FAMILY = "1,2";
				TEST_HOST = "$(BUILT_PRODUCTS_DIR)/InternetworkApp.app/InternetworkApp";
			};
			name = Debug;
		};
		21FEB23B21C16F3F00C8EF54 /* Release */ = {
			isa = XCBuildConfiguration;
			buildSettings = {
				ALWAYS_EMBED_SWIFT_STANDARD_LIBRARIES = YES;
				BUNDLE_LOADER = "$(TEST_HOST)";
				CODE_SIGN_STYLE = Automatic;
				INFOPLIST_FILE = InternetworkAppTests/Info.plist;
				LD_RUNPATH_SEARCH_PATHS = (
					"$(inherited)",
					"@executable_path/Frameworks",
					"@loader_path/Frameworks",
				);
				PRODUCT_BUNDLE_IDENTIFIER = CTEC.InternetworkAppTests;
				PRODUCT_NAME = "$(TARGET_NAME)";
				SWIFT_VERSION = 4.2;
				TARGETED_DEVICE_FAMILY = "1,2";
				TEST_HOST = "$(BUILT_PRODUCTS_DIR)/InternetworkApp.app/InternetworkApp";
			};
			name = Release;
		};
		21FEB23D21C16F3F00C8EF54 /* Debug */ = {
			isa = XCBuildConfiguration;
			buildSettings = {
				ALWAYS_EMBED_SWIFT_STANDARD_LIBRARIES = YES;
				CODE_SIGN_STYLE = Automatic;
				INFOPLIST_FILE = InternetworkAppUITests/Info.plist;
				LD_RUNPATH_SEARCH_PATHS = (
					"$(inherited)",
					"@executable_path/Frameworks",
					"@loader_path/Frameworks",
				);
				PRODUCT_BUNDLE_IDENTIFIER = CTEC.InternetworkAppUITests;
				PRODUCT_NAME = "$(TARGET_NAME)";
				SWIFT_VERSION = 4.2;
				TARGETED_DEVICE_FAMILY = "1,2";
				TEST_TARGET_NAME = InternetworkApp;
			};
			name = Debug;
		};
		21FEB23E21C16F3F00C8EF54 /* Release */ = {
			isa = XCBuildConfiguration;
			buildSettings = {
				ALWAYS_EMBED_SWIFT_STANDARD_LIBRARIES = YES;
				CODE_SIGN_STYLE = Automatic;
				INFOPLIST_FILE = InternetworkAppUITests/Info.plist;
				LD_RUNPATH_SEARCH_PATHS = (
					"$(inherited)",
					"@executable_path/Frameworks",
					"@loader_path/Frameworks",
				);
				PRODUCT_BUNDLE_IDENTIFIER = CTEC.InternetworkAppUITests;
				PRODUCT_NAME = "$(TARGET_NAME)";
				SWIFT_VERSION = 4.2;
				TARGETED_DEVICE_FAMILY = "1,2";
				TEST_TARGET_NAME = InternetworkApp;
			};
			name = Release;
		};
/* End XCBuildConfiguration section */

/* Begin XCConfigurationList section */
		21FEB20921C16F3A00C8EF54 /* Build configuration list for PBXProject "InternetworkApp" */ = {
			isa = XCConfigurationList;
			buildConfigurations = (
				21FEB23421C16F3F00C8EF54 /* Debug */,
				21FEB23521C16F3F00C8EF54 /* Release */,
			);
			defaultConfigurationIsVisible = 0;
			defaultConfigurationName = Release;
		};
		21FEB23621C16F3F00C8EF54 /* Build configuration list for PBXNativeTarget "InternetworkApp" */ = {
			isa = XCConfigurationList;
			buildConfigurations = (
				21FEB23721C16F3F00C8EF54 /* Debug */,
				21FEB23821C16F3F00C8EF54 /* Release */,
			);
			defaultConfigurationIsVisible = 0;
			defaultConfigurationName = Release;
		};
		21FEB23921C16F3F00C8EF54 /* Build configuration list for PBXNativeTarget "InternetworkAppTests" */ = {
			isa = XCConfigurationList;
			buildConfigurations = (
				21FEB23A21C16F3F00C8EF54 /* Debug */,
				21FEB23B21C16F3F00C8EF54 /* Release */,
			);
			defaultConfigurationIsVisible = 0;
			defaultConfigurationName = Release;
		};
		21FEB23C21C16F3F00C8EF54 /* Build configuration list for PBXNativeTarget "InternetworkAppUITests" */ = {
			isa = XCConfigurationList;
			buildConfigurations = (
				21FEB23D21C16F3F00C8EF54 /* Debug */,
				21FEB23E21C16F3F00C8EF54 /* Release */,
			);
			defaultConfigurationIsVisible = 0;
			defaultConfigurationName = Release;
		};
/* End XCConfigurationList section */
	};
	rootObject = 21FEB20621C16F3A00C8EF54 /* Project object */;
}
